
Microsoft Visual Studio Solution File, Format Version 12.00
# Visual Studio Version 16
VisualStudioVersion = 16.0.28803.352
MinimumVisualStudioVersion = 10.0.40219.1
Project("{FAE04EC0-301F-11D3-BF4B-00C04F79EFBC}") = "OnlineStore", "OnlineStore\OnlineStore.csproj", "{06BB7FE4-A8F5-4CC5-8763-1A2141411DF7}"
EndProject
Global
	GlobalSection(SolutionConfigurationPlatforms) = preSolution
		Debug|Any CPU = Debug|Any CPU
		Release|Any CPU = Release|Any CPU
	EndGlobalSection
	GlobalSection(ProjectConfigurationPlatforms) = postSolution
		{06BB7FE4-A8F5-4CC5-8763-1A2141411DF7}.Debug|Any CPU.ActiveCfg = Debug|Any CPU
		{06BB7FE4-A8F5-4CC5-8763-1A2141411DF7}.Debug|Any CPU.Build.0 = Debug|Any CPU
		{06BB7FE4-A8F5-4CC5-8763-1A2141411DF7}.Release|Any CPU.ActiveCfg = Release|Any CPU
		{06BB7FE4-A8F5-4CC5-8763-1A2141411DF7}.Release|Any CPU.Build.0 = Release|Any CPU
	EndGlobalSection
	GlobalSection(SolutionProperties) = preSolution
		HideSolutionNode = FALSE
	EndGlobalSection
	GlobalSection(ExtensibilityGlobals) = postSolution
		SolutionGuid = {D4F5C57C-939B-49AD-877C-F6BA67CFB611}
	EndGlobalSection
EndGlobal
