
Microsoft Visual Studio Solution File, Format Version 12.00
# Visual Studio Version 16
VisualStudioVersion = 16.0.29306.81
MinimumVisualStudioVersion = 10.0.40219.1
Project("{FAE04EC0-301F-11D3-BF4B-00C04F79EFBC}") = "1.1 and .2 and .3 Inheritance", "1.1 and .2 and .3 Inheritance\1.1 and .2 and .3 Inheritance.csproj", "{06DF4197-69BF-4B20-9BD8-1AD07BB8BF9E}"
EndProject
Project("{FAE04EC0-301F-11D3-BF4B-00C04F79EFBC}") = "2.1 RandomList", "2.1 RandomList\2.1 RandomList.csproj", "{3ED3C2BF-0E20-42EE-A57B-3BCC49447108}"
EndProject
Project("{FAE04EC0-301F-11D3-BF4B-00C04F79EFBC}") = "2.2 StackOfStrings", "2.2 StackOfStrings\2.2 StackOfStrings.csproj", "{02CC3738-3732-415D-A01B-D62EBBE97134}"
EndProject
Project("{FAE04EC0-301F-11D3-BF4B-00C04F79EFBC}") = "3 ColoredFigure", "3 ColoredFigure\3 ColoredFigure.csproj", "{4867396A-8948-49D6-AF12-22E071E62A23}"
EndProject
Project("{FAE04EC0-301F-11D3-BF4B-00C04F79EFBC}") = "4.1 Figures", "4.1 Figures\4.1 Figures.csproj", "{EAB7F706-7C93-4D1C-A81A-1C7FDC421719}"
EndProject
Project("{FAE04EC0-301F-11D3-BF4B-00C04F79EFBC}") = "4.2 Cars", "4.2 Cars\4.2 Cars.csproj", "{9D8A681E-B717-40DE-8E13-B54A9ECA0035}"
EndProject
Project("{FAE04EC0-301F-11D3-BF4B-00C04F79EFBC}") = "5.1 and .2 Multiple implementation", "5.1 and .2 Multiple implementation\5.1 and .2 Multiple implementation.csproj", "{1A10BE8D-91BC-4F39-BC0C-EF308879364A}"
EndProject
Project("{FAE04EC0-301F-11D3-BF4B-00C04F79EFBC}") = "5.3 Smartphone", "5.3 Smartphone\5.3 Smartphone.csproj", "{DC2D3C99-FFC0-485C-8F33-AAF31568341D}"
EndProject
Project("{FAE04EC0-301F-11D3-BF4B-00C04F79EFBC}") = "6 Employees", "6 Employees\6 Employees.csproj", "{79962482-1C9F-45AE-AA61-2BEF3B3006D6}"
EndProject
Project("{FAE04EC0-301F-11D3-BF4B-00C04F79EFBC}") = "7 Animal kingdom", "7 Animal kingdom\7 Animal kingdom.csproj", "{AA58752F-223F-4491-908B-7237106EE9D5}"
EndProject
Project("{FAE04EC0-301F-11D3-BF4B-00C04F79EFBC}") = "8.1 and .2 Border control and Birthday", "8.1 and .2 Border control and Birthday\8.1 and .2 Border control and Birthday.csproj", "{35F6E4FE-18B4-421D-899C-0658A1EB83B9}"
EndProject
Project("{FAE04EC0-301F-11D3-BF4B-00C04F79EFBC}") = "8.3 FoodShortage", "8.3 FoodShortage\8.3 FoodShortage.csproj", "{1A1F6B73-16B6-4BEA-9D1E-2DF80D0B59DA}"
EndProject
Global
	GlobalSection(SolutionConfigurationPlatforms) = preSolution
		Debug|Any CPU = Debug|Any CPU
		Release|Any CPU = Release|Any CPU
	EndGlobalSection
	GlobalSection(ProjectConfigurationPlatforms) = postSolution
		{06DF4197-69BF-4B20-9BD8-1AD07BB8BF9E}.Debug|Any CPU.ActiveCfg = Debug|Any CPU
		{06DF4197-69BF-4B20-9BD8-1AD07BB8BF9E}.Debug|Any CPU.Build.0 = Debug|Any CPU
		{06DF4197-69BF-4B20-9BD8-1AD07BB8BF9E}.Release|Any CPU.ActiveCfg = Release|Any CPU
		{06DF4197-69BF-4B20-9BD8-1AD07BB8BF9E}.Release|Any CPU.Build.0 = Release|Any CPU
		{3ED3C2BF-0E20-42EE-A57B-3BCC49447108}.Debug|Any CPU.ActiveCfg = Debug|Any CPU
		{3ED3C2BF-0E20-42EE-A57B-3BCC49447108}.Debug|Any CPU.Build.0 = Debug|Any CPU
		{3ED3C2BF-0E20-42EE-A57B-3BCC49447108}.Release|Any CPU.ActiveCfg = Release|Any CPU
		{3ED3C2BF-0E20-42EE-A57B-3BCC49447108}.Release|Any CPU.Build.0 = Release|Any CPU
		{02CC3738-3732-415D-A01B-D62EBBE97134}.Debug|Any CPU.ActiveCfg = Debug|Any CPU
		{02CC3738-3732-415D-A01B-D62EBBE97134}.Debug|Any CPU.Build.0 = Debug|Any CPU
		{02CC3738-3732-415D-A01B-D62EBBE97134}.Release|Any CPU.ActiveCfg = Release|Any CPU
		{02CC3738-3732-415D-A01B-D62EBBE97134}.Release|Any CPU.Build.0 = Release|Any CPU
		{4867396A-8948-49D6-AF12-22E071E62A23}.Debug|Any CPU.ActiveCfg = Debug|Any CPU
		{4867396A-8948-49D6-AF12-22E071E62A23}.Debug|Any CPU.Build.0 = Debug|Any CPU
		{4867396A-8948-49D6-AF12-22E071E62A23}.Release|Any CPU.ActiveCfg = Release|Any CPU
		{4867396A-8948-49D6-AF12-22E071E62A23}.Release|Any CPU.Build.0 = Release|Any CPU
		{EAB7F706-7C93-4D1C-A81A-1C7FDC421719}.Debug|Any CPU.ActiveCfg = Debug|Any CPU
		{EAB7F706-7C93-4D1C-A81A-1C7FDC421719}.Debug|Any CPU.Build.0 = Debug|Any CPU
		{EAB7F706-7C93-4D1C-A81A-1C7FDC421719}.Release|Any CPU.ActiveCfg = Release|Any CPU
		{EAB7F706-7C93-4D1C-A81A-1C7FDC421719}.Release|Any CPU.Build.0 = Release|Any CPU
		{9D8A681E-B717-40DE-8E13-B54A9ECA0035}.Debug|Any CPU.ActiveCfg = Debug|Any CPU
		{9D8A681E-B717-40DE-8E13-B54A9ECA0035}.Debug|Any CPU.Build.0 = Debug|Any CPU
		{9D8A681E-B717-40DE-8E13-B54A9ECA0035}.Release|Any CPU.ActiveCfg = Release|Any CPU
		{9D8A681E-B717-40DE-8E13-B54A9ECA0035}.Release|Any CPU.Build.0 = Release|Any CPU
		{1A10BE8D-91BC-4F39-BC0C-EF308879364A}.Debug|Any CPU.ActiveCfg = Debug|Any CPU
		{1A10BE8D-91BC-4F39-BC0C-EF308879364A}.Debug|Any CPU.Build.0 = Debug|Any CPU
		{1A10BE8D-91BC-4F39-BC0C-EF308879364A}.Release|Any CPU.ActiveCfg = Release|Any CPU
		{1A10BE8D-91BC-4F39-BC0C-EF308879364A}.Release|Any CPU.Build.0 = Release|Any CPU
		{DC2D3C99-FFC0-485C-8F33-AAF31568341D}.Debug|Any CPU.ActiveCfg = Debug|Any CPU
		{DC2D3C99-FFC0-485C-8F33-AAF31568341D}.Debug|Any CPU.Build.0 = Debug|Any CPU
		{DC2D3C99-FFC0-485C-8F33-AAF31568341D}.Release|Any CPU.ActiveCfg = Release|Any CPU
		{DC2D3C99-FFC0-485C-8F33-AAF31568341D}.Release|Any CPU.Build.0 = Release|Any CPU
		{79962482-1C9F-45AE-AA61-2BEF3B3006D6}.Debug|Any CPU.ActiveCfg = Debug|Any CPU
		{79962482-1C9F-45AE-AA61-2BEF3B3006D6}.Debug|Any CPU.Build.0 = Debug|Any CPU
		{79962482-1C9F-45AE-AA61-2BEF3B3006D6}.Release|Any CPU.ActiveCfg = Release|Any CPU
		{79962482-1C9F-45AE-AA61-2BEF3B3006D6}.Release|Any CPU.Build.0 = Release|Any CPU
		{AA58752F-223F-4491-908B-7237106EE9D5}.Debug|Any CPU.ActiveCfg = Debug|Any CPU
		{AA58752F-223F-4491-908B-7237106EE9D5}.Debug|Any CPU.Build.0 = Debug|Any CPU
		{AA58752F-223F-4491-908B-7237106EE9D5}.Release|Any CPU.ActiveCfg = Release|Any CPU
		{AA58752F-223F-4491-908B-7237106EE9D5}.Release|Any CPU.Build.0 = Release|Any CPU
		{35F6E4FE-18B4-421D-899C-0658A1EB83B9}.Debug|Any CPU.ActiveCfg = Debug|Any CPU
		{35F6E4FE-18B4-421D-899C-0658A1EB83B9}.Debug|Any CPU.Build.0 = Debug|Any CPU
		{35F6E4FE-18B4-421D-899C-0658A1EB83B9}.Release|Any CPU.ActiveCfg = Release|Any CPU
		{35F6E4FE-18B4-421D-899C-0658A1EB83B9}.Release|Any CPU.Build.0 = Release|Any CPU
		{1A1F6B73-16B6-4BEA-9D1E-2DF80D0B59DA}.Debug|Any CPU.ActiveCfg = Debug|Any CPU
		{1A1F6B73-16B6-4BEA-9D1E-2DF80D0B59DA}.Debug|Any CPU.Build.0 = Debug|Any CPU
		{1A1F6B73-16B6-4BEA-9D1E-2DF80D0B59DA}.Release|Any CPU.ActiveCfg = Release|Any CPU
		{1A1F6B73-16B6-4BEA-9D1E-2DF80D0B59DA}.Release|Any CPU.Build.0 = Release|Any CPU
	EndGlobalSection
	GlobalSection(SolutionProperties) = preSolution
		HideSolutionNode = FALSE
	EndGlobalSection
	GlobalSection(ExtensibilityGlobals) = postSolution
		SolutionGuid = {66F97742-B257-42F2-9F83-58D294066C0E}
	EndGlobalSection
EndGlobal
