
Microsoft Visual Studio Solution File, Format Version 12.00
# Visual Studio Version 16
VisualStudioVersion = 16.0.29215.179
MinimumVisualStudioVersion = 10.0.40219.1
Project("{FAE04EC0-301F-11D3-BF4B-00C04F79EFBC}") = "01.2 and .3 AxeDummy", "01.2 and .3 AxeDummy\01.2 and .3 AxeDummy.csproj", "{D086A72E-98AB-446F-991B-DB997E431318}"
EndProject
Project("{9A19103F-16F7-4668-BE54-9A1E7A4F7556}") = "01.2 and .3 AxeDummyTests", "01.2 and .3 AxeDummyTests\01.2 and .3 AxeDummyTests.csproj", "{0306ED79-5966-4C56-B3FD-4DA2192AC1E6}"
EndProject
Global
	GlobalSection(SolutionConfigurationPlatforms) = preSolution
		Debug|Any CPU = Debug|Any CPU
		Release|Any CPU = Release|Any CPU
	EndGlobalSection
	GlobalSection(ProjectConfigurationPlatforms) = postSolution
		{D086A72E-98AB-446F-991B-DB997E431318}.Debug|Any CPU.ActiveCfg = Debug|Any CPU
		{D086A72E-98AB-446F-991B-DB997E431318}.Debug|Any CPU.Build.0 = Debug|Any CPU
		{D086A72E-98AB-446F-991B-DB997E431318}.Release|Any CPU.ActiveCfg = Release|Any CPU
		{D086A72E-98AB-446F-991B-DB997E431318}.Release|Any CPU.Build.0 = Release|Any CPU
		{0306ED79-5966-4C56-B3FD-4DA2192AC1E6}.Debug|Any CPU.ActiveCfg = Debug|Any CPU
		{0306ED79-5966-4C56-B3FD-4DA2192AC1E6}.Debug|Any CPU.Build.0 = Debug|Any CPU
		{0306ED79-5966-4C56-B3FD-4DA2192AC1E6}.Release|Any CPU.ActiveCfg = Release|Any CPU
		{0306ED79-5966-4C56-B3FD-4DA2192AC1E6}.Release|Any CPU.Build.0 = Release|Any CPU
	EndGlobalSection
	GlobalSection(SolutionProperties) = preSolution
		HideSolutionNode = FALSE
	EndGlobalSection
	GlobalSection(ExtensibilityGlobals) = postSolution
		SolutionGuid = {6A616576-96BC-48F7-A591-7D25895B6152}
	EndGlobalSection
EndGlobal
