
Microsoft Visual Studio Solution File, Format Version 12.00
# Visual Studio Version 16
VisualStudioVersion = 16.0.29215.179
MinimumVisualStudioVersion = 10.0.40219.1
Project("{FAE04EC0-301F-11D3-BF4B-00C04F79EFBC}") = "1.1 ClassPerson", "1.1 ClassPerson\1.1 ClassPerson.csproj", "{13AB702A-76F0-4D10-BDC9-D69E2407C748}"
EndProject
Project("{FAE04EC0-301F-11D3-BF4B-00C04F79EFBC}") = "1.2 ClassFamily", "1.2 ClassFamily\1.2 ClassFamily.csproj", "{87865CC8-2AF8-4C4F-9671-C83138B1B394}"
EndProject
Project("{FAE04EC0-301F-11D3-BF4B-00C04F79EFBC}") = "1.3 Statistic", "1.3 Statistic\1.3 Statistic.csproj", "{C688F866-9BCA-4282-88AD-2799BEFC0DD5}"
EndProject
Global
	GlobalSection(SolutionConfigurationPlatforms) = preSolution
		Debug|Any CPU = Debug|Any CPU
		Release|Any CPU = Release|Any CPU
	EndGlobalSection
	GlobalSection(ProjectConfigurationPlatforms) = postSolution
		{13AB702A-76F0-4D10-BDC9-D69E2407C748}.Debug|Any CPU.ActiveCfg = Debug|Any CPU
		{13AB702A-76F0-4D10-BDC9-D69E2407C748}.Debug|Any CPU.Build.0 = Debug|Any CPU
		{13AB702A-76F0-4D10-BDC9-D69E2407C748}.Release|Any CPU.ActiveCfg = Release|Any CPU
		{13AB702A-76F0-4D10-BDC9-D69E2407C748}.Release|Any CPU.Build.0 = Release|Any CPU
		{87865CC8-2AF8-4C4F-9671-C83138B1B394}.Debug|Any CPU.ActiveCfg = Debug|Any CPU
		{87865CC8-2AF8-4C4F-9671-C83138B1B394}.Debug|Any CPU.Build.0 = Debug|Any CPU
		{87865CC8-2AF8-4C4F-9671-C83138B1B394}.Release|Any CPU.ActiveCfg = Release|Any CPU
		{87865CC8-2AF8-4C4F-9671-C83138B1B394}.Release|Any CPU.Build.0 = Release|Any CPU
		{C688F866-9BCA-4282-88AD-2799BEFC0DD5}.Debug|Any CPU.ActiveCfg = Debug|Any CPU
		{C688F866-9BCA-4282-88AD-2799BEFC0DD5}.Debug|Any CPU.Build.0 = Debug|Any CPU
		{C688F866-9BCA-4282-88AD-2799BEFC0DD5}.Release|Any CPU.ActiveCfg = Release|Any CPU
		{C688F866-9BCA-4282-88AD-2799BEFC0DD5}.Release|Any CPU.Build.0 = Release|Any CPU
	EndGlobalSection
	GlobalSection(SolutionProperties) = preSolution
		HideSolutionNode = FALSE
	EndGlobalSection
	GlobalSection(ExtensibilityGlobals) = postSolution
		SolutionGuid = {B7439D93-3DB2-497A-95A4-299D44D4FA9A}
	EndGlobalSection
EndGlobal
